{
  "nodes": {
    "compose": {
      "flake": false,
      "locked": {
        "lastModified": 1747574904,
        "narHash": "sha256-plYblRQ5Aq3/YffQaqUwLKDGFZC/5/2U93Sxg5N9Dus=",
        "owner": "reonokiy",
        "repo": "compose",
        "rev": "85956e318381a236e1ae583e2d315819eb9866b4",
        "type": "github"
      },
      "original": {
        "owner": "reonokiy",
        "ref": "main",
        "repo": "compose",
        "type": "github"
      }
    },
    "deploy-rs": {
      "inputs": {
        "flake-compat": "flake-compat",
        "nixpkgs": "nixpkgs",
        "utils": "utils"
      },
      "locked": {
        "lastModified": 1727447169,
        "narHash": "sha256-3KyjMPUKHkiWhwR91J1YchF6zb6gvckCAY1jOE+ne0U=",
        "owner": "serokell",
        "repo": "deploy-rs",
        "rev": "aa07eb05537d4cd025e2310397a6adcedfe72c76",
        "type": "github"
      },
      "original": {
        "owner": "serokell",
        "repo": "deploy-rs",
        "type": "github"
      }
    },
    "disko": {
      "inputs": {
        "nixpkgs": "nixpkgs_2"
      },
      "locked": {
        "lastModified": 1747274630,
        "narHash": "sha256-87RJwXbfOHyzTB9LYagAQ6vOZhszCvd8Gvudu+gf3qo=",
        "owner": "nix-community",
        "repo": "disko",
        "rev": "ec7c109a4f794fce09aad87239eab7f66540b888",
        "type": "github"
      },
      "original": {
        "owner": "nix-community",
        "repo": "disko",
        "type": "github"
      }
    },
    "disko_2": {
      "inputs": {
        "nixpkgs": [
          "nixos-anywhere",
          "nixpkgs"
        ]
      },
      "locked": {
        "lastModified": 1744940522,
        "narHash": "sha256-TNoetfICvd29DhxRPpmyKItQBDlqSvKcV+wGNkn14jk=",
        "owner": "nix-community",
        "repo": "disko",
        "rev": "51d33bbb7f1e74ba5f9d9a77357735149da99081",
        "type": "github"
      },
      "original": {
        "owner": "nix-community",
        "ref": "master",
        "repo": "disko",
        "type": "github"
      }
    },
    "flake-compat": {
      "flake": false,
      "locked": {
        "lastModified": 1696426674,
        "narHash": "sha256-kvjfFW7WAETZlt09AgDn1MrtKzP7t90Vf7vypd3OL1U=",
        "owner": "edolstra",
        "repo": "flake-compat",
        "rev": "0f9255e01c2351cc7d116c072cb317785dd33b33",
        "type": "github"
      },
      "original": {
        "owner": "edolstra",
        "repo": "flake-compat",
        "type": "github"
      }
    },
    "flake-parts": {
      "inputs": {
        "nixpkgs-lib": "nixpkgs-lib"
      },
      "locked": {
        "lastModified": 1743550720,
        "narHash": "sha256-hIshGgKZCgWh6AYJpJmRgFdR3WUbkY04o82X05xqQiY=",
        "owner": "hercules-ci",
        "repo": "flake-parts",
        "rev": "c621e8422220273271f52058f618c94e405bb0f5",
        "type": "github"
      },
      "original": {
        "owner": "hercules-ci",
        "repo": "flake-parts",
        "type": "github"
      }
    },
    "flake-parts_2": {
      "inputs": {
        "nixpkgs-lib": [
          "nixos-anywhere",
          "nixpkgs"
        ]
      },
      "locked": {
        "lastModified": 1743550720,
        "narHash": "sha256-hIshGgKZCgWh6AYJpJmRgFdR3WUbkY04o82X05xqQiY=",
        "owner": "hercules-ci",
        "repo": "flake-parts",
        "rev": "c621e8422220273271f52058f618c94e405bb0f5",
        "type": "github"
      },
      "original": {
        "owner": "hercules-ci",
        "repo": "flake-parts",
        "type": "github"
      }
    },
    "nixlib": {
      "locked": {
        "lastModified": 1736643958,
        "narHash": "sha256-tmpqTSWVRJVhpvfSN9KXBvKEXplrwKnSZNAoNPf/S/s=",
        "owner": "nix-community",
        "repo": "nixpkgs.lib",
        "rev": "1418bc28a52126761c02dd3d89b2d8ca0f521181",
        "type": "github"
      },
      "original": {
        "owner": "nix-community",
        "repo": "nixpkgs.lib",
        "type": "github"
      }
    },
    "nixos-anywhere": {
      "inputs": {
        "disko": "disko_2",
        "flake-parts": "flake-parts_2",
        "nixos-images": "nixos-images",
        "nixos-stable": "nixos-stable",
        "nixpkgs": "nixpkgs_3",
        "treefmt-nix": "treefmt-nix"
      },
      "locked": {
        "lastModified": 1746713092,
        "narHash": "sha256-BeIAHEaKUeKmIED4GohPz7OWRBithENyAgCNxgSaQvM=",
        "owner": "nix-community",
        "repo": "nixos-anywhere",
        "rev": "a0fd2b7c603b92f8f57b38fe2f2b96cd39f4dfc0",
        "type": "github"
      },
      "original": {
        "owner": "nix-community",
        "repo": "nixos-anywhere",
        "type": "github"
      }
    },
    "nixos-generators": {
      "inputs": {
        "nixlib": "nixlib",
        "nixpkgs": [
          "nixpkgs"
        ]
      },
      "locked": {
        "lastModified": 1742568034,
        "narHash": "sha256-QaMEhcnscfF2MqB7flZr+sLJMMYZPnvqO4NYf9B4G38=",
        "owner": "nix-community",
        "repo": "nixos-generators",
        "rev": "42ee229088490e3777ed7d1162cb9e9d8c3dbb11",
        "type": "github"
      },
      "original": {
        "owner": "nix-community",
        "repo": "nixos-generators",
        "type": "github"
      }
    },
    "nixos-images": {
      "inputs": {
        "nixos-stable": [
          "nixos-anywhere",
          "nixos-stable"
        ],
        "nixos-unstable": [
          "nixos-anywhere",
          "nixpkgs"
        ]
      },
      "locked": {
        "lastModified": 1744853194,
        "narHash": "sha256-NBOdBdQdxb3FdM4Ywb4cATMLfFtkPqDYh0LIQMZ7eRY=",
        "owner": "nix-community",
        "repo": "nixos-images",
        "rev": "8f6f8060a13096934c2a502eb0508bdc3f1284a1",
        "type": "github"
      },
      "original": {
        "owner": "nix-community",
        "repo": "nixos-images",
        "type": "github"
      }
    },
    "nixos-stable": {
      "locked": {
        "lastModified": 1744440957,
        "narHash": "sha256-FHlSkNqFmPxPJvy+6fNLaNeWnF1lZSgqVCl/eWaJRc4=",
        "owner": "NixOS",
        "repo": "nixpkgs",
        "rev": "26d499fc9f1d567283d5d56fcf367edd815dba1d",
        "type": "github"
      },
      "original": {
        "owner": "NixOS",
        "ref": "nixos-24.11",
        "repo": "nixpkgs",
        "type": "github"
      }
    },
    "nixpkgs": {
      "locked": {
        "lastModified": 1702272962,
        "narHash": "sha256-D+zHwkwPc6oYQ4G3A1HuadopqRwUY/JkMwHz1YF7j4Q=",
        "owner": "NixOS",
        "repo": "nixpkgs",
        "rev": "e97b3e4186bcadf0ef1b6be22b8558eab1cdeb5d",
        "type": "github"
      },
      "original": {
        "owner": "NixOS",
        "ref": "nixpkgs-unstable",
        "repo": "nixpkgs",
        "type": "github"
      }
    },
    "nixpkgs-lib": {
      "locked": {
        "lastModified": 1743296961,
        "narHash": "sha256-b1EdN3cULCqtorQ4QeWgLMrd5ZGOjLSLemfa00heasc=",
        "owner": "nix-community",
        "repo": "nixpkgs.lib",
        "rev": "e4822aea2a6d1cdd36653c134cacfd64c97ff4fa",
        "type": "github"
      },
      "original": {
        "owner": "nix-community",
        "repo": "nixpkgs.lib",
        "type": "github"
      }
    },
    "nixpkgs-unstable": {
      "locked": {
        "lastModified": 1747467164,
        "narHash": "sha256-JBXbjJ0t6T6BbVc9iPVquQI9XSXCGQJD8c8SgnUquus=",
        "owner": "nixos",
        "repo": "nixpkgs",
        "rev": "3fcbdcfc707e0aa42c541b7743e05820472bdaec",
        "type": "github"
      },
      "original": {
        "owner": "nixos",
        "ref": "nixpkgs-unstable",
        "repo": "nixpkgs",
        "type": "github"
      }
    },
    "nixpkgs_2": {
      "locked": {
        "lastModified": 1747060738,
        "narHash": "sha256-ByfPRQuqj+nhtVV0koinEpmJw0KLzNbgcgi9EF+NVow=",
        "owner": "NixOS",
        "repo": "nixpkgs",
        "rev": "eaeed9530c76ce5f1d2d8232e08bec5e26f18ec1",
        "type": "github"
      },
      "original": {
        "owner": "NixOS",
        "ref": "nixpkgs-unstable",
        "repo": "nixpkgs",
        "type": "github"
      }
    },
    "nixpkgs_3": {
      "locked": {
        "lastModified": 1745088452,
        "narHash": "sha256-6SrsUiwNtyQtl+JJNcNKe98iediwPrY9Kldhszqggto=",
        "owner": "nixos",
        "repo": "nixpkgs",
        "rev": "ae0c0ebf757121ee44bb98e70a71212a9961055d",
        "type": "github"
      },
      "original": {
        "owner": "nixos",
        "ref": "nixos-unstable-small",
        "repo": "nixpkgs",
        "type": "github"
      }
    },
    "nixpkgs_4": {
      "locked": {
        "lastModified": 1747428706,
        "narHash": "sha256-XVds9FkRrY59xRNNq14FNsFGqDiexXX/mlHcX4hPyyk=",
        "owner": "nixos",
        "repo": "nixpkgs",
        "rev": "2e1496bf8652ff4af4e4d4737277f71e4a4f5cb2",
        "type": "github"
      },
      "original": {
        "owner": "nixos",
        "ref": "nixos-25.05",
        "repo": "nixpkgs",
        "type": "github"
      }
    },
    "root": {
      "inputs": {
        "compose": "compose",
        "deploy-rs": "deploy-rs",
        "disko": "disko",
        "flake-parts": "flake-parts",
        "nixos-anywhere": "nixos-anywhere",
        "nixos-generators": "nixos-generators",
        "nixpkgs": "nixpkgs_4",
        "nixpkgs-unstable": "nixpkgs-unstable",
        "secrets": "secrets",
        "sops-nix": "sops-nix"
      }
    },
    "secrets": {
      "flake": false,
      "locked": {
        "lastModified": 1747245395,
        "narHash": "sha256-6zszdpdg15Ng9K/Xjsg/0bTVYgLSrD1MFEbFnR2cEtc=",
        "ref": "main",
        "rev": "83f9f66125ab15894d03e844fb5802cd1eaac6b0",
        "revCount": 74,
        "type": "git",
        "url": "ssh://git@github.com/reonokiy/anso-secrets.git"
      },
      "original": {
        "ref": "main",
        "type": "git",
        "url": "ssh://git@github.com/reonokiy/anso-secrets.git"
      }
    },
    "sops-nix": {
      "inputs": {
        "nixpkgs": [
          "nixpkgs"
        ]
      },
      "locked": {
        "lastModified": 1746485181,
        "narHash": "sha256-PxrrSFLaC7YuItShxmYbMgSuFFuwxBB+qsl9BZUnRvg=",
        "owner": "Mic92",
        "repo": "sops-nix",
        "rev": "e93ee1d900ad264d65e9701a5c6f895683433386",
        "type": "github"
      },
      "original": {
        "owner": "Mic92",
        "repo": "sops-nix",
        "type": "github"
      }
    },
    "systems": {
      "locked": {
        "lastModified": 1681028828,
        "narHash": "sha256-Vy1rq5AaRuLzOxct8nz4T6wlgyUR7zLU309k9mBC768=",
        "owner": "nix-systems",
        "repo": "default",
        "rev": "da67096a3b9bf56a91d16901293e51ba5b49a27e",
        "type": "github"
      },
      "original": {
        "owner": "nix-systems",
        "repo": "default",
        "type": "github"
      }
    },
    "treefmt-nix": {
      "inputs": {
        "nixpkgs": [
          "nixos-anywhere",
          "nixpkgs"
        ]
      },
      "locked": {
        "lastModified": 1744961264,
        "narHash": "sha256-aRmUh0AMwcbdjJHnytg1e5h5ECcaWtIFQa6d9gI85AI=",
        "owner": "numtide",
        "repo": "treefmt-nix",
        "rev": "8d404a69efe76146368885110f29a2ca3700bee6",
        "type": "github"
      },
      "original": {
        "owner": "numtide",
        "repo": "treefmt-nix",
        "type": "github"
      }
    },
    "utils": {
      "inputs": {
        "systems": "systems"
      },
      "locked": {
        "lastModified": 1701680307,
        "narHash": "sha256-kAuep2h5ajznlPMD9rnQyffWG8EM/C73lejGofXvdM8=",
        "owner": "numtide",
        "repo": "flake-utils",
        "rev": "4022d587cbbfd70fe950c1e2083a02621806a725",
        "type": "github"
      },
      "original": {
        "owner": "numtide",
        "repo": "flake-utils",
        "type": "github"
      }
    }
  },
  "root": "root",
  "version": 7
}
